
Microsoft Visual Studio Solution File, Format Version 12.00
# Visual Studio 15
VisualStudioVersion = 15.0.28307.271
MinimumVisualStudioVersion = 10.0.40219.1
Project("{FAE04EC0-301F-11D3-BF4B-00C04F79EFBC}") = "SimulatorUI", "AlarmMonitor\SimulatorUI.csproj", "{9E9AC773-7333-4940-A114-85774F9035B3}"
EndProject
Project("{FAE04EC0-301F-11D3-BF4B-00C04F79EFBC}") = "SimulatorLogic", "SimulatorLogic\SimulatorLogic.csproj", "{EF9FCED2-3630-4671-A97A-15E90C7B82EB}"
EndProject
Project("{FAE04EC0-301F-11D3-BF4B-00C04F79EFBC}") = "JsonParser", "JsonParser\JsonParser.csproj", "{893FB533-8B34-46F1-8B1C-0E863D1F93C2}"
EndProject
Global
	GlobalSection(SolutionConfigurationPlatforms) = preSolution
		Debug|Any CPU = Debug|Any CPU
		Release|Any CPU = Release|Any CPU
	EndGlobalSection
	GlobalSection(ProjectConfigurationPlatforms) = postSolution
		{9E9AC773-7333-4940-A114-85774F9035B3}.Debug|Any CPU.ActiveCfg = Debug|Any CPU
		{9E9AC773-7333-4940-A114-85774F9035B3}.Debug|Any CPU.Build.0 = Debug|Any CPU
		{9E9AC773-7333-4940-A114-85774F9035B3}.Release|Any CPU.ActiveCfg = Release|Any CPU
		{9E9AC773-7333-4940-A114-85774F9035B3}.Release|Any CPU.Build.0 = Release|Any CPU
		{EF9FCED2-3630-4671-A97A-15E90C7B82EB}.Debug|Any CPU.ActiveCfg = Debug|Any CPU
		{EF9FCED2-3630-4671-A97A-15E90C7B82EB}.Debug|Any CPU.Build.0 = Debug|Any CPU
		{EF9FCED2-3630-4671-A97A-15E90C7B82EB}.Release|Any CPU.ActiveCfg = Release|Any CPU
		{EF9FCED2-3630-4671-A97A-15E90C7B82EB}.Release|Any CPU.Build.0 = Release|Any CPU
		{893FB533-8B34-46F1-8B1C-0E863D1F93C2}.Debug|Any CPU.ActiveCfg = Debug|Any CPU
		{893FB533-8B34-46F1-8B1C-0E863D1F93C2}.Debug|Any CPU.Build.0 = Debug|Any CPU
		{893FB533-8B34-46F1-8B1C-0E863D1F93C2}.Release|Any CPU.ActiveCfg = Release|Any CPU
		{893FB533-8B34-46F1-8B1C-0E863D1F93C2}.Release|Any CPU.Build.0 = Release|Any CPU
	EndGlobalSection
	GlobalSection(SolutionProperties) = preSolution
		HideSolutionNode = FALSE
	EndGlobalSection
	GlobalSection(ExtensibilityGlobals) = postSolution
		SolutionGuid = {EDA08BE6-3F2A-418B-AA69-C5708BC312D3}
	EndGlobalSection
EndGlobal
